{
    "_meta": {
        "hash": {
            "sha256": "e855917c49a3253c6fcb4bd9410a74dd6f263d34ede4863da219e9a8221bc260"
        },
        "pipfile-spec": 6,
        "requires": {
            "python_version": "3.8"
        },
        "sources": [
            {
                "name": "pypi",
                "url": "https://pypi.org/simple",
                "verify_ssl": true
            }
        ]
    },
    "default": {
        "asgiref": {
            "hashes": [
                "sha256:1d2880b792ae8757289136f1db2b7b99100ce959b2aa57fd69dab783d05afac4",
                "sha256:4a29362a6acebe09bf1d6640db38c1dc3d9217c68e6f9f6204d72667fc19a424"
            ],
            "markers": "python_version >= '3.7'",
            "version": "==3.5.2"
        },
        "attrs": {
            "hashes": [
                "sha256:2d27e3784d7a565d36ab851fe94887c5eccd6a463168875832a1be79c82828b4",
                "sha256:626ba8234211db98e869df76230a137c4c40a12d72445c45d5f5b716f076e2fd"
            ],
            "markers": "python_version >= '2.7' and python_version not in '3.0, 3.1, 3.2, 3.3, 3.4'",
            "version": "==21.4.0"
        },
        "baker": {
            "hashes": [
                "sha256:190809fe94ad0fbcfb385e76e5b8016d06359523dc582c8c40c8be5e0bcace45",
                "sha256:2d81e99af7d7d6441297a0c13de023fe3f1510718e89d2baacea917ee09d154d"
            ],
            "index": "pypi",
            "version": "==1.3"
        },
        "dj-shop-cart": {
            "hashes": [
                "sha256:b439055c1f603efe347a96e15010a8bba74ec03c83860c8214910c3208833449",
                "sha256:f3ac2b2942cdbfa74d1cd8276d0c12c98ef045e6937e5bf22a2e0eba06e26155"
            ],
            "index": "pypi",
            "version": "==4.1.0"
        },
        "django": {
            "hashes": [
                "sha256:a67a793ff6827fd373555537dca0da293a63a316fe34cb7f367f898ccca3c3ae",
                "sha256:ca54ebedfcbc60d191391efbf02ba68fb52165b8bf6ccd6fe71f098cac1fe59e"
            ],
            "index": "pypi",
            "version": "==4.0.6"
        },
        "django-cleanup": {
            "hashes": [
                "sha256:922e06ef8839c92bd3ab37a84db6058b8764f3fe44dbb4487bbca941d288280a",
                "sha256:997feab3b1f7a2e84f71c29e83b1d664459ec0d4b1924977b1fa25b5babb8703"
            ],
            "index": "pypi",
            "version": "==6.0.0"
        },
        "helpers": {
            "hashes": [
                "sha256:2ca7fdfc5c1e6994f80e9d01812d92383163434372bad51e7c04d2fe04c82a3e",
                "sha256:bdfe1641fdaa1be60de8d0a8e3d243e5273582969b1118e87895616f83acdf90"
            ],
            "index": "pypi",
            "version": "==0.2.0"
        },
        "sqlparse": {
            "hashes": [
                "sha256:0c00730c74263a94e5a9919ade150dfc3b19c574389985446148402998287dae",
                "sha256:48719e356bb8b42991bdbb1e8b83223757b93789c00910a616a071910ca4a64d"
            ],
            "markers": "python_version >= '3.5'",
            "version": "==0.4.2"
        },
        "tzdata": {
            "hashes": [
                "sha256:238e70234214138ed7b4e8a0fab0e5e13872edab3be586ab8198c407620e2ab9",
                "sha256:8b536a8ec63dc0751342b3984193a3118f8fca2afe25752bb9b7fffd398552d3"
            ],
            "markers": "sys_platform == 'win32'",
            "version": "==2022.1"
        }
    },
    "develop": {}
}
